Microsoft Visual Studio Solution File, Format Version 11.00
# Visual Studio 2008

Project("{7C7048CA-7E07-A015-6944-EEFA5EF6D656}") = "Roundman", "Assembly-CSharp.csproj", "{CEFF7B23-472C-0E85-F536-5664C056C942}"
EndProject
Project("{7C7048CA-7E07-A015-6944-EEFA5EF6D656}") = "Roundman", "Assembly-CSharp-Editor.csproj", "{BD2A589A-0B2A-B17E-6CA1-600FDDADD6C5}"
EndProject
Global
	GlobalSection(SolutionConfigurationPlatforms) = preSolution
		Debug|Any CPU = Debug|Any CPU
		Release|Any CPU = Release|Any CPU
	EndGlobalSection
	GlobalSection(ProjectConfigurationPlatforms) = postSolution
		{CEFF7B23-472C-0E85-F536-5664C056C942}.Debug|Any CPU.ActiveCfg = Debug|Any CPU
		{CEFF7B23-472C-0E85-F536-5664C056C942}.Debug|Any CPU.Build.0 = Debug|Any CPU
		{CEFF7B23-472C-0E85-F536-5664C056C942}.Release|Any CPU.ActiveCfg = Release|Any CPU
		{CEFF7B23-472C-0E85-F536-5664C056C942}.Release|Any CPU.Build.0 = Release|Any CPU
		{BD2A589A-0B2A-B17E-6CA1-600FDDADD6C5}.Debug|Any CPU.ActiveCfg = Debug|Any CPU
		{BD2A589A-0B2A-B17E-6CA1-600FDDADD6C5}.Debug|Any CPU.Build.0 = Debug|Any CPU
		{BD2A589A-0B2A-B17E-6CA1-600FDDADD6C5}.Release|Any CPU.ActiveCfg = Release|Any CPU
		{BD2A589A-0B2A-B17E-6CA1-600FDDADD6C5}.Release|Any CPU.Build.0 = Release|Any CPU
	EndGlobalSection
	GlobalSection(SolutionProperties) = preSolution
		HideSolutionNode = FALSE
	EndGlobalSection
																								GlobalSection(MonoDevelopProperties) = preSolution
		StartupItem = Assembly-CSharp.csproj
		Policies = $0
		$0.TextStylePolicy = $1
		$1.inheritsSet = null
		$1.scope = text/x-csharp
		$0.CSharpFormattingPolicy = $2
		$2.inheritsSet = Mono
		$2.inheritsScope = text/x-csharp
		$2.scope = text/x-csharp
		$0.TextStylePolicy = $3
		$3.FileWidth = 120
		$3.TabWidth = 4
		$3.EolMarker = Unix
		$3.inheritsSet = Mono
		$3.inheritsScope = text/plain
		$3.scope = text/plain
	EndGlobalSection

EndGlobal
